
Microsoft Visual Studio Solution File, Format Version 12.00
# Visual Studio Version 17
VisualStudioVersion = 17.3.32825.248
MinimumVisualStudioVersion = 10.0.40219.1
Project("{FAE04EC0-301F-11D3-BF4B-00C04F79EFBC}") = "DataStructuresAndAlgorithms", "DataStructuresAndAlgorithms.csproj", "{6F53ABB0-EA92-4E37-80A1-E92C1E8B3724}"
EndProject
Global
	GlobalSection(SolutionConfigurationPlatforms) = preSolution
		Debug|Any CPU = Debug|Any CPU
		Release|Any CPU = Release|Any CPU
	EndGlobalSection
	GlobalSection(ProjectConfigurationPlatforms) = postSolution
		{6F53ABB0-EA92-4E37-80A1-E92C1E8B3724}.Debug|Any CPU.ActiveCfg = Debug|Any CPU
		{6F53ABB0-EA92-4E37-80A1-E92C1E8B3724}.Debug|Any CPU.Build.0 = Debug|Any CPU
		{6F53ABB0-EA92-4E37-80A1-E92C1E8B3724}.Release|Any CPU.ActiveCfg = Release|Any CPU
		{6F53ABB0-EA92-4E37-80A1-E92C1E8B3724}.Release|Any CPU.Build.0 = Release|Any CPU
	EndGlobalSection
	GlobalSection(SolutionProperties) = preSolution
		HideSolutionNode = FALSE
	EndGlobalSection
	GlobalSection(ExtensibilityGlobals) = postSolution
		SolutionGuid = {BDDB6A8E-3D1D-4203-98B6-4E812AEE8E22}
	EndGlobalSection
EndGlobal
